
Microsoft Visual Studio Solution File, Format Version 12.00
# Visual Studio Version 17
VisualStudioVersion = 17.5.33530.505
MinimumVisualStudioVersion = 10.0.40219.1
Project("{9A19103F-16F7-4668-BE54-9A1E7A4F7556}") = "online-store-app", "online-store-app\online-store-app.csproj", "{A423EDDA-46A4-4424-B237-368270D1EEE4}"
EndProject
Project("{FAE04EC0-301F-11D3-BF4B-00C04F79EFBC}") = "gateway", "gateway\gateway.csproj", "{EEC38ACD-05B2-45FC-BAEB-AC1E9E0B3389}"
EndProject
Global
	GlobalSection(SolutionConfigurationPlatforms) = preSolution
		Debug|Any CPU = Debug|Any CPU
		Release|Any CPU = Release|Any CPU
	EndGlobalSection
	GlobalSection(ProjectConfigurationPlatforms) = postSolution
		{A423EDDA-46A4-4424-B237-368270D1EEE4}.Debug|Any CPU.ActiveCfg = Debug|Any CPU
		{A423EDDA-46A4-4424-B237-368270D1EEE4}.Debug|Any CPU.Build.0 = Debug|Any CPU
		{A423EDDA-46A4-4424-B237-368270D1EEE4}.Release|Any CPU.ActiveCfg = Release|Any CPU
		{A423EDDA-46A4-4424-B237-368270D1EEE4}.Release|Any CPU.Build.0 = Release|Any CPU
		{EEC38ACD-05B2-45FC-BAEB-AC1E9E0B3389}.Debug|Any CPU.ActiveCfg = Debug|Any CPU
		{EEC38ACD-05B2-45FC-BAEB-AC1E9E0B3389}.Debug|Any CPU.Build.0 = Debug|Any CPU
		{EEC38ACD-05B2-45FC-BAEB-AC1E9E0B3389}.Release|Any CPU.ActiveCfg = Release|Any CPU
		{EEC38ACD-05B2-45FC-BAEB-AC1E9E0B3389}.Release|Any CPU.Build.0 = Release|Any CPU
	EndGlobalSection
	GlobalSection(SolutionProperties) = preSolution
		HideSolutionNode = FALSE
	EndGlobalSection
	GlobalSection(ExtensibilityGlobals) = postSolution
		SolutionGuid = {0F933B9C-D583-42EB-8AF8-22034A5FF208}
	EndGlobalSection
EndGlobal
